
Microsoft Visual Studio Solution File, Format Version 12.00
# Visual Studio Version 17
VisualStudioVersion = 17.8.34322.80
MinimumVisualStudioVersion = 10.0.40219.1
Project("{9A19103F-16F7-4668-BE54-9A1E7A4F7556}") = "СalculatorWebApplication", "СalculatorWebApplication\СalculatorWebApplication.csproj", "{2ED069AF-B804-45CB-BFA1-A1C3D1B55EFA}"
EndProject
Global
	GlobalSection(SolutionConfigurationPlatforms) = preSolution
		Debug|Any CPU = Debug|Any CPU
		Release|Any CPU = Release|Any CPU
	EndGlobalSection
	GlobalSection(ProjectConfigurationPlatforms) = postSolution
		{2ED069AF-B804-45CB-BFA1-A1C3D1B55EFA}.Debug|Any CPU.ActiveCfg = Debug|Any CPU
		{2ED069AF-B804-45CB-BFA1-A1C3D1B55EFA}.Debug|Any CPU.Build.0 = Debug|Any CPU
		{2ED069AF-B804-45CB-BFA1-A1C3D1B55EFA}.Release|Any CPU.ActiveCfg = Release|Any CPU
		{2ED069AF-B804-45CB-BFA1-A1C3D1B55EFA}.Release|Any CPU.Build.0 = Release|Any CPU
	EndGlobalSection
	GlobalSection(SolutionProperties) = preSolution
		HideSolutionNode = FALSE
	EndGlobalSection
	GlobalSection(ExtensibilityGlobals) = postSolution
		SolutionGuid = {C72F4C1E-1A4E-4C3A-8166-DBB4F8AFFFDD}
	EndGlobalSection
EndGlobal
